
Microsoft Visual Studio Solution File, Format Version 12.00
# Visual Studio Version 17
VisualStudioVersion = 17.4.33122.133
MinimumVisualStudioVersion = 10.0.40219.1
Project("{9A19103F-16F7-4668-BE54-9A1E7A4F7556}") = "Shipment.Api", "Shipment.Api\Shipment.Api.csproj", "{9E5E580A-F290-45BD-9822-E4B7BB6FAF4C}"
EndProject
Project("{9A19103F-16F7-4668-BE54-9A1E7A4F7556}") = "Gateway.Api", "Gateway.Api\Gateway.Api.csproj", "{D992100A-FCD4-4613-B813-1D88DC5CD8B3}"
EndProject
Project("{9A19103F-16F7-4668-BE54-9A1E7A4F7556}") = "Gateway.Yarp.Api", "Gateway.Yarp.Api\Gateway.Yarp.Api.csproj", "{F318BD19-4464-4E15-B3D9-67D3F3DC1352}"
EndProject
Project("{9A19103F-16F7-4668-BE54-9A1E7A4F7556}") = "Identity.Api", "Identity.Api\Identity.Api.csproj", "{D98A77C6-3195-484B-9A10-C946D68060C9}"
EndProject
Project("{9A19103F-16F7-4668-BE54-9A1E7A4F7556}") = "Identity.App", "Identity.App\Identity.App.csproj", "{F41B9F82-0DBB-4951-B281-320BD2F16AA6}"
EndProject
Global
	GlobalSection(SolutionConfigurationPlatforms) = preSolution
		Debug|Any CPU = Debug|Any CPU
		Release|Any CPU = Release|Any CPU
	EndGlobalSection
	GlobalSection(ProjectConfigurationPlatforms) = postSolution
		{9E5E580A-F290-45BD-9822-E4B7BB6FAF4C}.Debug|Any CPU.ActiveCfg = Debug|Any CPU
		{9E5E580A-F290-45BD-9822-E4B7BB6FAF4C}.Debug|Any CPU.Build.0 = Debug|Any CPU
		{9E5E580A-F290-45BD-9822-E4B7BB6FAF4C}.Release|Any CPU.ActiveCfg = Release|Any CPU
		{9E5E580A-F290-45BD-9822-E4B7BB6FAF4C}.Release|Any CPU.Build.0 = Release|Any CPU
		{D992100A-FCD4-4613-B813-1D88DC5CD8B3}.Debug|Any CPU.ActiveCfg = Debug|Any CPU
		{D992100A-FCD4-4613-B813-1D88DC5CD8B3}.Debug|Any CPU.Build.0 = Debug|Any CPU
		{D992100A-FCD4-4613-B813-1D88DC5CD8B3}.Release|Any CPU.ActiveCfg = Release|Any CPU
		{D992100A-FCD4-4613-B813-1D88DC5CD8B3}.Release|Any CPU.Build.0 = Release|Any CPU
		{F318BD19-4464-4E15-B3D9-67D3F3DC1352}.Debug|Any CPU.ActiveCfg = Debug|Any CPU
		{F318BD19-4464-4E15-B3D9-67D3F3DC1352}.Debug|Any CPU.Build.0 = Debug|Any CPU
		{F318BD19-4464-4E15-B3D9-67D3F3DC1352}.Release|Any CPU.ActiveCfg = Release|Any CPU
		{F318BD19-4464-4E15-B3D9-67D3F3DC1352}.Release|Any CPU.Build.0 = Release|Any CPU
		{D98A77C6-3195-484B-9A10-C946D68060C9}.Debug|Any CPU.ActiveCfg = Debug|Any CPU
		{D98A77C6-3195-484B-9A10-C946D68060C9}.Debug|Any CPU.Build.0 = Debug|Any CPU
		{D98A77C6-3195-484B-9A10-C946D68060C9}.Release|Any CPU.ActiveCfg = Release|Any CPU
		{D98A77C6-3195-484B-9A10-C946D68060C9}.Release|Any CPU.Build.0 = Release|Any CPU
		{F41B9F82-0DBB-4951-B281-320BD2F16AA6}.Debug|Any CPU.ActiveCfg = Debug|Any CPU
		{F41B9F82-0DBB-4951-B281-320BD2F16AA6}.Debug|Any CPU.Build.0 = Debug|Any CPU
		{F41B9F82-0DBB-4951-B281-320BD2F16AA6}.Release|Any CPU.ActiveCfg = Release|Any CPU
		{F41B9F82-0DBB-4951-B281-320BD2F16AA6}.Release|Any CPU.Build.0 = Release|Any CPU
	EndGlobalSection
	GlobalSection(SolutionProperties) = preSolution
		HideSolutionNode = FALSE
	EndGlobalSection
	GlobalSection(ExtensibilityGlobals) = postSolution
		SolutionGuid = {F6AE9476-7EA4-4E39-BBFA-CABC0F2FD1B6}
	EndGlobalSection
EndGlobal
